
Microsoft Visual Studio Solution File, Format Version 12.00
# Visual Studio Version 16
VisualStudioVersion = 16.0.31025.194
MinimumVisualStudioVersion = 10.0.40219.1
Project("{9A19103F-16F7-4668-BE54-9A1E7A4F7556}") = "Application", "Application\Application.csproj", "{2AA6E5D4-B3FD-464E-95D7-42D5DA81D2B6}"
	ProjectSection(ProjectDependencies) = postProject
		{AD359C19-56A9-4A34-9139-86D773284FDB} = {AD359C19-56A9-4A34-9139-86D773284FDB}
	EndProjectSection
EndProject
Project("{9A19103F-16F7-4668-BE54-9A1E7A4F7556}") = "Library", "Library\Library.csproj", "{AD359C19-56A9-4A34-9139-86D773284FDB}"
EndProject
Project("{9A19103F-16F7-4668-BE54-9A1E7A4F7556}") = "Tests", "Tests\Tests.csproj", "{DBD42F5C-F4B8-46F2-8997-F89F8D7ED0BA}"
EndProject
Project("{2150E333-8FDC-42A3-9474-1A3956D46DE8}") = "Diagrams", "Diagrams", "{1EDCF1A9-320B-411E-8CD3-F26DDC45A434}"
EndProject
Global
	GlobalSection(SolutionConfigurationPlatforms) = preSolution
		Debug|Any CPU = Debug|Any CPU
		Release|Any CPU = Release|Any CPU
	EndGlobalSection
	GlobalSection(ProjectConfigurationPlatforms) = postSolution
		{2AA6E5D4-B3FD-464E-95D7-42D5DA81D2B6}.Debug|Any CPU.ActiveCfg = Debug|Any CPU
		{2AA6E5D4-B3FD-464E-95D7-42D5DA81D2B6}.Debug|Any CPU.Build.0 = Debug|Any CPU
		{2AA6E5D4-B3FD-464E-95D7-42D5DA81D2B6}.Release|Any CPU.ActiveCfg = Release|Any CPU
		{2AA6E5D4-B3FD-464E-95D7-42D5DA81D2B6}.Release|Any CPU.Build.0 = Release|Any CPU
		{AD359C19-56A9-4A34-9139-86D773284FDB}.Debug|Any CPU.ActiveCfg = Debug|Any CPU
		{AD359C19-56A9-4A34-9139-86D773284FDB}.Debug|Any CPU.Build.0 = Debug|Any CPU
		{AD359C19-56A9-4A34-9139-86D773284FDB}.Release|Any CPU.ActiveCfg = Release|Any CPU
		{AD359C19-56A9-4A34-9139-86D773284FDB}.Release|Any CPU.Build.0 = Release|Any CPU
		{DBD42F5C-F4B8-46F2-8997-F89F8D7ED0BA}.Debug|Any CPU.ActiveCfg = Debug|Any CPU
		{DBD42F5C-F4B8-46F2-8997-F89F8D7ED0BA}.Debug|Any CPU.Build.0 = Debug|Any CPU
		{DBD42F5C-F4B8-46F2-8997-F89F8D7ED0BA}.Release|Any CPU.ActiveCfg = Release|Any CPU
		{DBD42F5C-F4B8-46F2-8997-F89F8D7ED0BA}.Release|Any CPU.Build.0 = Release|Any CPU
	EndGlobalSection
	GlobalSection(SolutionProperties) = preSolution
		HideSolutionNode = FALSE
	EndGlobalSection
	GlobalSection(ExtensibilityGlobals) = postSolution
		SolutionGuid = {08555F8E-6875-459A-8B1C-D4480E2F62D3}
	EndGlobalSection
EndGlobal
